
Microsoft Visual Studio Solution File, Format Version 12.00
# Visual Studio Version 16
VisualStudioVersion = 16.0.30114.105
MinimumVisualStudioVersion = 10.0.40219.1
Project("{FAE04EC0-301F-11D3-BF4B-00C04F79EFBC}") = "Maintenance", "Maintenance\Maintenance.csproj", "{8BCEC779-F3F3-4716-8BC2-EFE602C7BFBF}"
EndProject
Project("{FAE04EC0-301F-11D3-BF4B-00C04F79EFBC}") = "StorageStatus", "StorageStatus\StorageStatus.csproj", "{14CBC354-18DE-4ECA-BEF2-70C7090C5CD1}"
EndProject
Global
	GlobalSection(SolutionConfigurationPlatforms) = preSolution
		Debug|x64 = Debug|x64
	EndGlobalSection
	GlobalSection(ProjectConfigurationPlatforms) = postSolution
		{8BCEC779-F3F3-4716-8BC2-EFE602C7BFBF}.Debug|x64.ActiveCfg = Debug|x64
		{8BCEC779-F3F3-4716-8BC2-EFE602C7BFBF}.Debug|x64.Build.0 = Debug|x64
		{14CBC354-18DE-4ECA-BEF2-70C7090C5CD1}.Debug|x64.ActiveCfg = Debug|x64
		{14CBC354-18DE-4ECA-BEF2-70C7090C5CD1}.Debug|x64.Build.0 = Debug|x64
	EndGlobalSection
	GlobalSection(SolutionProperties) = preSolution
		HideSolutionNode = FALSE
	EndGlobalSection
	GlobalSection(ExtensibilityGlobals) = postSolution
		SolutionGuid = {2AADACCB-ED12-4BAE-981F-8591C5356358}
	EndGlobalSection
EndGlobal
